{
  "name": "oauth-login-http",
  "version": "1.0.6",
  "lockfileVersion": 1,
  "requires": true,
  "dependencies": {
    "node-oauth-error": {
      "version": "0.0.7",
      "resolved": "https://registry.npmjs.org/node-oauth-error/-/node-oauth-error-0.0.7.tgz",
      "integrity": "sha1-aOR3xX/VOLlOxQfk29rmuJfLF+c="
    },
    "oauth": {
      "version": "0.9.15",
      "resolved": "https://registry.npmjs.org/oauth/-/oauth-0.9.15.tgz",
      "integrity": "sha1-vR/vr2hslrdUda7VGWQS/2DPucE="
    }
  }
}
